
Microsoft Visual Studio Solution File, Format Version 12.00
# Visual Studio Version 16
VisualStudioVersion = 16.0.29926.136
MinimumVisualStudioVersion = 10.0.40219.1
Project("{9A19103F-16F7-4668-BE54-9A1E7A4F7556}") = "Task_3", "Task_3.csproj", "{F02E4D06-8A80-499D-ABDE-23E1ABF20F6B}"
EndProject
Project("{9A19103F-16F7-4668-BE54-9A1E7A4F7556}") = "Shapes", "..\Shapes\Shapes.csproj", "{6D9EC460-57E1-4802-9132-16EB567EEA15}"
EndProject
Project("{9A19103F-16F7-4668-BE54-9A1E7A4F7556}") = "IO", "..\ReaderWriter\IO.csproj", "{F348CB54-325B-487B-BD8A-46396FE1449A}"
EndProject
Project("{FAE04EC0-301F-11D3-BF4B-00C04F79EFBC}") = "IO.Test", "..\IO.Test\IO.Test.csproj", "{C861F4D9-6F3B-4978-9421-BDFBFF9D55E8}"
EndProject
Project("{FAE04EC0-301F-11D3-BF4B-00C04F79EFBC}") = "Box.Test", "..\BoxTest\Box.Test.csproj", "{1D014E4F-5250-4D26-92A9-7776C7E3BAC9}"
EndProject
Project("{FAE04EC0-301F-11D3-BF4B-00C04F79EFBC}") = "Shape.Test", "..\Figure.Test\Shape.Test.csproj", "{62F6ACA4-D6D2-47E7-B6DF-3FDCC0698150}"
EndProject
Global
	GlobalSection(SolutionConfigurationPlatforms) = preSolution
		Debug|Any CPU = Debug|Any CPU
		Release|Any CPU = Release|Any CPU
	EndGlobalSection
	GlobalSection(ProjectConfigurationPlatforms) = postSolution
		{F02E4D06-8A80-499D-ABDE-23E1ABF20F6B}.Debug|Any CPU.ActiveCfg = Debug|Any CPU
		{F02E4D06-8A80-499D-ABDE-23E1ABF20F6B}.Debug|Any CPU.Build.0 = Debug|Any CPU
		{F02E4D06-8A80-499D-ABDE-23E1ABF20F6B}.Release|Any CPU.ActiveCfg = Release|Any CPU
		{F02E4D06-8A80-499D-ABDE-23E1ABF20F6B}.Release|Any CPU.Build.0 = Release|Any CPU
		{6D9EC460-57E1-4802-9132-16EB567EEA15}.Debug|Any CPU.ActiveCfg = Debug|Any CPU
		{6D9EC460-57E1-4802-9132-16EB567EEA15}.Debug|Any CPU.Build.0 = Debug|Any CPU
		{6D9EC460-57E1-4802-9132-16EB567EEA15}.Release|Any CPU.ActiveCfg = Release|Any CPU
		{6D9EC460-57E1-4802-9132-16EB567EEA15}.Release|Any CPU.Build.0 = Release|Any CPU
		{F348CB54-325B-487B-BD8A-46396FE1449A}.Debug|Any CPU.ActiveCfg = Debug|Any CPU
		{F348CB54-325B-487B-BD8A-46396FE1449A}.Debug|Any CPU.Build.0 = Debug|Any CPU
		{F348CB54-325B-487B-BD8A-46396FE1449A}.Release|Any CPU.ActiveCfg = Release|Any CPU
		{F348CB54-325B-487B-BD8A-46396FE1449A}.Release|Any CPU.Build.0 = Release|Any CPU
		{C861F4D9-6F3B-4978-9421-BDFBFF9D55E8}.Debug|Any CPU.ActiveCfg = Debug|Any CPU
		{C861F4D9-6F3B-4978-9421-BDFBFF9D55E8}.Debug|Any CPU.Build.0 = Debug|Any CPU
		{C861F4D9-6F3B-4978-9421-BDFBFF9D55E8}.Release|Any CPU.ActiveCfg = Release|Any CPU
		{C861F4D9-6F3B-4978-9421-BDFBFF9D55E8}.Release|Any CPU.Build.0 = Release|Any CPU
		{1D014E4F-5250-4D26-92A9-7776C7E3BAC9}.Debug|Any CPU.ActiveCfg = Debug|Any CPU
		{1D014E4F-5250-4D26-92A9-7776C7E3BAC9}.Debug|Any CPU.Build.0 = Debug|Any CPU
		{1D014E4F-5250-4D26-92A9-7776C7E3BAC9}.Release|Any CPU.ActiveCfg = Release|Any CPU
		{1D014E4F-5250-4D26-92A9-7776C7E3BAC9}.Release|Any CPU.Build.0 = Release|Any CPU
		{62F6ACA4-D6D2-47E7-B6DF-3FDCC0698150}.Debug|Any CPU.ActiveCfg = Debug|Any CPU
		{62F6ACA4-D6D2-47E7-B6DF-3FDCC0698150}.Debug|Any CPU.Build.0 = Debug|Any CPU
		{62F6ACA4-D6D2-47E7-B6DF-3FDCC0698150}.Release|Any CPU.ActiveCfg = Release|Any CPU
		{62F6ACA4-D6D2-47E7-B6DF-3FDCC0698150}.Release|Any CPU.Build.0 = Release|Any CPU
	EndGlobalSection
	GlobalSection(SolutionProperties) = preSolution
		HideSolutionNode = FALSE
	EndGlobalSection
	GlobalSection(ExtensibilityGlobals) = postSolution
		SolutionGuid = {C78EA1DC-CE59-457C-A69B-1A593D8EB1CB}
	EndGlobalSection
EndGlobal
