
Microsoft Visual Studio Solution File, Format Version 12.00
# Visual Studio Version 16
VisualStudioVersion = 16.0.29926.136
MinimumVisualStudioVersion = 10.0.40219.1
Project("{FAE04EC0-301F-11D3-BF4B-00C04F79EFBC}") = "Task_2", "Task_2.csproj", "{79D6AFAA-4B0B-489E-8705-7458919F06B2}"
EndProject
Project("{FAE04EC0-301F-11D3-BF4B-00C04F79EFBC}") = "Task_2.Test", "..\Task_2.Test\Task_2.Test.csproj", "{DDF25D51-17E2-4A8C-BEA7-84A9C27B5F5D}"
EndProject
Global
	GlobalSection(SolutionConfigurationPlatforms) = preSolution
		Debug|Any CPU = Debug|Any CPU
		Release|Any CPU = Release|Any CPU
	EndGlobalSection
	GlobalSection(ProjectConfigurationPlatforms) = postSolution
		{79D6AFAA-4B0B-489E-8705-7458919F06B2}.Debug|Any CPU.ActiveCfg = Debug|Any CPU
		{79D6AFAA-4B0B-489E-8705-7458919F06B2}.Debug|Any CPU.Build.0 = Debug|Any CPU
		{79D6AFAA-4B0B-489E-8705-7458919F06B2}.Release|Any CPU.ActiveCfg = Release|Any CPU
		{79D6AFAA-4B0B-489E-8705-7458919F06B2}.Release|Any CPU.Build.0 = Release|Any CPU
		{DDF25D51-17E2-4A8C-BEA7-84A9C27B5F5D}.Debug|Any CPU.ActiveCfg = Debug|Any CPU
		{DDF25D51-17E2-4A8C-BEA7-84A9C27B5F5D}.Debug|Any CPU.Build.0 = Debug|Any CPU
		{DDF25D51-17E2-4A8C-BEA7-84A9C27B5F5D}.Release|Any CPU.ActiveCfg = Release|Any CPU
		{DDF25D51-17E2-4A8C-BEA7-84A9C27B5F5D}.Release|Any CPU.Build.0 = Release|Any CPU
	EndGlobalSection
	GlobalSection(SolutionProperties) = preSolution
		HideSolutionNode = FALSE
	EndGlobalSection
	GlobalSection(ExtensibilityGlobals) = postSolution
		SolutionGuid = {BD7FA3C3-CF18-47A3-A2B0-A7FF19195137}
	EndGlobalSection
EndGlobal
